
Microsoft Visual Studio Solution File, Format Version 12.00
# Visual Studio Version 17
VisualStudioVersion = 17.11.35222.181
MinimumVisualStudioVersion = 10.0.40219.1
Project("{9A19103F-16F7-4668-BE54-9A1E7A4F7556}") = "EdufocalCertificateGenerator", "EdufocalCertificateGenerator\EdufocalCertificateGenerator.csproj", "{2121339E-33D3-4281-BB19-B93B1E1718EA}"
EndProject
Global
	GlobalSection(SolutionConfigurationPlatforms) = preSolution
		Debug|Any CPU = Debug|Any CPU
		Release|Any CPU = Release|Any CPU
	EndGlobalSection
	GlobalSection(ProjectConfigurationPlatforms) = postSolution
		{2121339E-33D3-4281-BB19-B93B1E1718EA}.Debug|Any CPU.ActiveCfg = Debug|Any CPU
		{2121339E-33D3-4281-BB19-B93B1E1718EA}.Debug|Any CPU.Build.0 = Debug|Any CPU
		{2121339E-33D3-4281-BB19-B93B1E1718EA}.Release|Any CPU.ActiveCfg = Release|Any CPU
		{2121339E-33D3-4281-BB19-B93B1E1718EA}.Release|Any CPU.Build.0 = Release|Any CPU
	EndGlobalSection
	GlobalSection(SolutionProperties) = preSolution
		HideSolutionNode = FALSE
	EndGlobalSection
	GlobalSection(ExtensibilityGlobals) = postSolution
		SolutionGuid = {BCC20481-1D03-4EC6-9E7B-B32394F8DED4}
	EndGlobalSection
EndGlobal
